
Microsoft Visual Studio Solution File, Format Version 12.00
# Visual Studio 15
VisualStudioVersion = 15.0.28307.757
MinimumVisualStudioVersion = 10.0.40219.1
Project("{FAE04EC0-301F-11D3-BF4B-00C04F79EFBC}") = "Certificate", "Certificate\Certificate.csproj", "{6DBB309C-5E28-4E5D-AE78-C293A437CF5C}"
EndProject
Global
	GlobalSection(SolutionConfigurationPlatforms) = preSolution
		Debug|Any CPU = Debug|Any CPU
		Release|Any CPU = Release|Any CPU
	EndGlobalSection
	GlobalSection(ProjectConfigurationPlatforms) = postSolution
		{6DBB309C-5E28-4E5D-AE78-C293A437CF5C}.Debug|Any CPU.ActiveCfg = Debug|Any CPU
		{6DBB309C-5E28-4E5D-AE78-C293A437CF5C}.Debug|Any CPU.Build.0 = Debug|Any CPU
		{6DBB309C-5E28-4E5D-AE78-C293A437CF5C}.Release|Any CPU.ActiveCfg = Release|Any CPU
		{6DBB309C-5E28-4E5D-AE78-C293A437CF5C}.Release|Any CPU.Build.0 = Release|Any CPU
	EndGlobalSection
	GlobalSection(SolutionProperties) = preSolution
		HideSolutionNode = FALSE
	EndGlobalSection
	GlobalSection(ExtensibilityGlobals) = postSolution
		SolutionGuid = {E3DE97FD-F034-48FC-AB94-C9D1F6B796F2}
	EndGlobalSection
EndGlobal
